
Microsoft Visual Studio Solution File, Format Version 12.00
# Visual Studio Version 16
VisualStudioVersion = 16.0.32602.291
MinimumVisualStudioVersion = 10.0.40219.1
Project("{FAE04EC0-301F-11D3-BF4B-00C04F79EFBC}") = "Observer", "Observer\Observer.csproj", "{B4F85A0F-A288-4535-8B7E-47428A73827B}"
EndProject
Project("{FAE04EC0-301F-11D3-BF4B-00C04F79EFBC}") = "Observer.Tests", "Observer.Tests\Observer.Tests.csproj", "{87B27474-523D-46C2-B9C0-AE14ACA8FAB7}"
EndProject
Global
	GlobalSection(SolutionConfigurationPlatforms) = preSolution
		Debug|Any CPU = Debug|Any CPU
		Release|Any CPU = Release|Any CPU
	EndGlobalSection
	GlobalSection(ProjectConfigurationPlatforms) = postSolution
		{B4F85A0F-A288-4535-8B7E-47428A73827B}.Debug|Any CPU.ActiveCfg = Debug|Any CPU
		{B4F85A0F-A288-4535-8B7E-47428A73827B}.Debug|Any CPU.Build.0 = Debug|Any CPU
		{B4F85A0F-A288-4535-8B7E-47428A73827B}.Release|Any CPU.ActiveCfg = Release|Any CPU
		{B4F85A0F-A288-4535-8B7E-47428A73827B}.Release|Any CPU.Build.0 = Release|Any CPU
		{87B27474-523D-46C2-B9C0-AE14ACA8FAB7}.Debug|Any CPU.ActiveCfg = Debug|Any CPU
		{87B27474-523D-46C2-B9C0-AE14ACA8FAB7}.Debug|Any CPU.Build.0 = Debug|Any CPU
		{87B27474-523D-46C2-B9C0-AE14ACA8FAB7}.Release|Any CPU.ActiveCfg = Release|Any CPU
		{87B27474-523D-46C2-B9C0-AE14ACA8FAB7}.Release|Any CPU.Build.0 = Release|Any CPU
	EndGlobalSection
	GlobalSection(SolutionProperties) = preSolution
		HideSolutionNode = FALSE
	EndGlobalSection
	GlobalSection(ExtensibilityGlobals) = postSolution
		SolutionGuid = {00AE1C4F-81EE-4231-958C-8A90F4438F8B}
	EndGlobalSection
EndGlobal
